
Microsoft Visual Studio Solution File, Format Version 12.00
# Visual Studio Version 17
VisualStudioVersion = 17.1.32210.238
MinimumVisualStudioVersion = 10.0.40219.1
Project("{FAE04EC0-301F-11D3-BF4B-00C04F79EFBC}") = "DsaPlayGround", "DsaPlayGround.csproj", "{D90AB962-A23C-4BAD-AFB4-DEE638C044B7}"
EndProject
Project("{FAE04EC0-301F-11D3-BF4B-00C04F79EFBC}") = "DsaPlayGroundTest", "..\DsaPlayGroundTest\DsaPlayGroundTest.csproj", "{5709CF99-A699-48A5-B4A6-7AA9C6818A25}"
EndProject
Global
	GlobalSection(SolutionConfigurationPlatforms) = preSolution
		Debug|Any CPU = Debug|Any CPU
		Release|Any CPU = Release|Any CPU
	EndGlobalSection
	GlobalSection(ProjectConfigurationPlatforms) = postSolution
		{D90AB962-A23C-4BAD-AFB4-DEE638C044B7}.Debug|Any CPU.ActiveCfg = Debug|Any CPU
		{D90AB962-A23C-4BAD-AFB4-DEE638C044B7}.Debug|Any CPU.Build.0 = Debug|Any CPU
		{D90AB962-A23C-4BAD-AFB4-DEE638C044B7}.Release|Any CPU.ActiveCfg = Release|Any CPU
		{D90AB962-A23C-4BAD-AFB4-DEE638C044B7}.Release|Any CPU.Build.0 = Release|Any CPU
		{5709CF99-A699-48A5-B4A6-7AA9C6818A25}.Debug|Any CPU.ActiveCfg = Debug|Any CPU
		{5709CF99-A699-48A5-B4A6-7AA9C6818A25}.Debug|Any CPU.Build.0 = Debug|Any CPU
		{5709CF99-A699-48A5-B4A6-7AA9C6818A25}.Release|Any CPU.ActiveCfg = Release|Any CPU
		{5709CF99-A699-48A5-B4A6-7AA9C6818A25}.Release|Any CPU.Build.0 = Release|Any CPU
	EndGlobalSection
	GlobalSection(SolutionProperties) = preSolution
		HideSolutionNode = FALSE
	EndGlobalSection
	GlobalSection(ExtensibilityGlobals) = postSolution
		SolutionGuid = {4A1CC3F1-C362-4AF2-92CC-379042EFD95B}
	EndGlobalSection
EndGlobal
